# This file is automatically @generated by Cargo.
# It is not intended for manual editing.
version = 3

[[package]]
name = "hello"
version = "0.1.0"
dependencies = [
 "iowrap",
]

[[package]]
name = "iowrap"
version = "0.1.2"
source = "registry+https://github.com/rust-lang/crates.io-index"
checksum = "a6611682dffaf11240636d037de58c9a42a61e60a2a3c8d5f5ec2f6194dc5236"
